
Microsoft Visual Studio Solution File, Format Version 12.00
# Visual Studio 15
VisualStudioVersion = 15.0.27428.2015
MinimumVisualStudioVersion = 10.0.40219.1
Project("{FAE04EC0-301F-11D3-BF4B-00C04F79EFBC}") = "SimulatedDevice", "SimulatedDevice\SimulatedDevice.csproj", "{DC555160-90A6-40BC-9787-E70FEF71071B}"
EndProject
Global
	GlobalSection(SolutionConfigurationPlatforms) = preSolution
		Debug|Any CPU = Debug|Any CPU
		Release|Any CPU = Release|Any CPU
	EndGlobalSection
	GlobalSection(ProjectConfigurationPlatforms) = postSolution
		{DC555160-90A6-40BC-9787-E70FEF71071B}.Debug|Any CPU.ActiveCfg = Debug|Any CPU
		{DC555160-90A6-40BC-9787-E70FEF71071B}.Debug|Any CPU.Build.0 = Debug|Any CPU
		{DC555160-90A6-40BC-9787-E70FEF71071B}.Release|Any CPU.ActiveCfg = Release|Any CPU
		{DC555160-90A6-40BC-9787-E70FEF71071B}.Release|Any CPU.Build.0 = Release|Any CPU
		{874B14F8-581A-46C5-B438-ECF6487133B5}.Debug|Any CPU.ActiveCfg = Debug|Any CPU
		{874B14F8-581A-46C5-B438-ECF6487133B5}.Debug|Any CPU.Build.0 = Debug|Any CPU
		{874B14F8-581A-46C5-B438-ECF6487133B5}.Release|Any CPU.ActiveCfg = Release|Any CPU
		{874B14F8-581A-46C5-B438-ECF6487133B5}.Release|Any CPU.Build.0 = Release|Any CPU
	EndGlobalSection
	GlobalSection(SolutionProperties) = preSolution
		HideSolutionNode = FALSE
	EndGlobalSection
	GlobalSection(ExtensibilityGlobals) = postSolution
		SolutionGuid = {09F1123F-412A-4AA3-B082-AF6D363D2481}
	EndGlobalSection
EndGlobal
